
Microsoft Visual Studio Solution File, Format Version 12.00
# Visual Studio Version 16
VisualStudioVersion = 16.0.28803.352
MinimumVisualStudioVersion = 10.0.40219.1
Project("{FAE04EC0-301F-11D3-BF4B-00C04F79EFBC}") = "QuestLike", "QuestLike\QuestLike.csproj", "{C0FDC7E9-505C-4A3C-9A60-202C04AE3CAF}"
EndProject
Global
	GlobalSection(SolutionConfigurationPlatforms) = preSolution
		Debug|Any CPU = Debug|Any CPU
		Release|Any CPU = Release|Any CPU
	EndGlobalSection
	GlobalSection(ProjectConfigurationPlatforms) = postSolution
		{C0FDC7E9-505C-4A3C-9A60-202C04AE3CAF}.Debug|Any CPU.ActiveCfg = Debug|Any CPU
		{C0FDC7E9-505C-4A3C-9A60-202C04AE3CAF}.Debug|Any CPU.Build.0 = Debug|Any CPU
		{C0FDC7E9-505C-4A3C-9A60-202C04AE3CAF}.Release|Any CPU.ActiveCfg = Release|Any CPU
		{C0FDC7E9-505C-4A3C-9A60-202C04AE3CAF}.Release|Any CPU.Build.0 = Release|Any CPU
	EndGlobalSection
	GlobalSection(SolutionProperties) = preSolution
		HideSolutionNode = FALSE
	EndGlobalSection
	GlobalSection(ExtensibilityGlobals) = postSolution
		SolutionGuid = {717ECF5E-E31E-4F98-804D-0428EC6F85F8}
	EndGlobalSection
EndGlobal
